
Microsoft Visual Studio Solution File, Format Version 12.00
# Visual Studio Version 16
VisualStudioVersion = 16.0.30804.86
MinimumVisualStudioVersion = 10.0.40219.1
Project("{FAE04EC0-301F-11D3-BF4B-00C04F79EFBC}") = "ObfuscatorXOR", "ObfuscatorXOR.csproj", "{63FCAA07-43F5-4BFA-8427-D2863D792200}"
EndProject
Global
	GlobalSection(SolutionConfigurationPlatforms) = preSolution
		Debug|Any CPU = Debug|Any CPU
		Release|Any CPU = Release|Any CPU
	EndGlobalSection
	GlobalSection(ProjectConfigurationPlatforms) = postSolution
		{63FCAA07-43F5-4BFA-8427-D2863D792200}.Debug|Any CPU.ActiveCfg = Debug|Any CPU
		{63FCAA07-43F5-4BFA-8427-D2863D792200}.Debug|Any CPU.Build.0 = Debug|Any CPU
		{63FCAA07-43F5-4BFA-8427-D2863D792200}.Release|Any CPU.ActiveCfg = Release|Any CPU
		{63FCAA07-43F5-4BFA-8427-D2863D792200}.Release|Any CPU.Build.0 = Release|Any CPU
	EndGlobalSection
	GlobalSection(SolutionProperties) = preSolution
		HideSolutionNode = FALSE
	EndGlobalSection
	GlobalSection(ExtensibilityGlobals) = postSolution
		SolutionGuid = {D3872A0A-45DE-4D31-8C46-4FB9DA2BF183}
	EndGlobalSection
EndGlobal
