
Microsoft Visual Studio Solution File, Format Version 12.00
# Visual Studio Version 16
VisualStudioVersion = 16.0.30804.86
MinimumVisualStudioVersion = 10.0.40219.1
Project("{FAE04EC0-301F-11D3-BF4B-00C04F79EFBC}") = "Sharperner", "Sharperner\Sharperner.csproj", "{63FCAA07-43F5-4BFA-8427-D2863D792200}"
EndProject
Project("{8BC9CEB8-8B4A-11D0-8D11-00A0C91BC942}") = "loader", "loader\loader.vcxproj", "{6BB4D3BF-4519-44C6-8E90-72ABC5DAA3C0}"
EndProject
Project("{FAE04EC0-301F-11D3-BF4B-00C04F79EFBC}") = "Sharperner_portable", "Sharperner_portable\Sharperner_portable.csproj", "{09AFF508-FCC3-4449-85D5-C57C5DCAD06C}"
EndProject
Project("{FAE04EC0-301F-11D3-BF4B-00C04F79EFBC}") = "DInvoke", "DInvoke\DInvoke.csproj", "{88DDFE5F-98B2-42BB-A8E7-1FDA5C9ED498}"
EndProject
Project("{FAE04EC0-301F-11D3-BF4B-00C04F79EFBC}") = "Dlllauncher", "Dlllauncher\Dlllauncher.csproj", "{1D3CE598-BAE7-4A00-BDC8-C87E72BAF3E6}"
EndProject
Global
	GlobalSection(SolutionConfigurationPlatforms) = preSolution
		Debug|Any CPU = Debug|Any CPU
		Debug|x64 = Debug|x64
		Debug|x86 = Debug|x86
		Release|Any CPU = Release|Any CPU
		Release|x64 = Release|x64
		Release|x86 = Release|x86
	EndGlobalSection
	GlobalSection(ProjectConfigurationPlatforms) = postSolution
		{63FCAA07-43F5-4BFA-8427-D2863D792200}.Debug|Any CPU.ActiveCfg = Release|Any CPU
		{63FCAA07-43F5-4BFA-8427-D2863D792200}.Debug|Any CPU.Build.0 = Release|Any CPU
		{63FCAA07-43F5-4BFA-8427-D2863D792200}.Debug|x64.ActiveCfg = Debug|Any CPU
		{63FCAA07-43F5-4BFA-8427-D2863D792200}.Debug|x64.Build.0 = Debug|Any CPU
		{63FCAA07-43F5-4BFA-8427-D2863D792200}.Debug|x86.ActiveCfg = Debug|Any CPU
		{63FCAA07-43F5-4BFA-8427-D2863D792200}.Debug|x86.Build.0 = Debug|Any CPU
		{63FCAA07-43F5-4BFA-8427-D2863D792200}.Release|Any CPU.ActiveCfg = Release|Any CPU
		{63FCAA07-43F5-4BFA-8427-D2863D792200}.Release|Any CPU.Build.0 = Release|Any CPU
		{63FCAA07-43F5-4BFA-8427-D2863D792200}.Release|x64.ActiveCfg = Release|Any CPU
		{63FCAA07-43F5-4BFA-8427-D2863D792200}.Release|x64.Build.0 = Release|Any CPU
		{63FCAA07-43F5-4BFA-8427-D2863D792200}.Release|x86.ActiveCfg = Release|Any CPU
		{63FCAA07-43F5-4BFA-8427-D2863D792200}.Release|x86.Build.0 = Release|Any CPU
		{6BB4D3BF-4519-44C6-8E90-72ABC5DAA3C0}.Debug|Any CPU.ActiveCfg = Release|x64
		{6BB4D3BF-4519-44C6-8E90-72ABC5DAA3C0}.Debug|Any CPU.Build.0 = Release|x64
		{6BB4D3BF-4519-44C6-8E90-72ABC5DAA3C0}.Debug|x64.ActiveCfg = Release|x64
		{6BB4D3BF-4519-44C6-8E90-72ABC5DAA3C0}.Debug|x64.Build.0 = Release|x64
		{6BB4D3BF-4519-44C6-8E90-72ABC5DAA3C0}.Debug|x86.ActiveCfg = Release|x64
		{6BB4D3BF-4519-44C6-8E90-72ABC5DAA3C0}.Debug|x86.Build.0 = Release|x64
		{6BB4D3BF-4519-44C6-8E90-72ABC5DAA3C0}.Release|Any CPU.ActiveCfg = Release|x64
		{6BB4D3BF-4519-44C6-8E90-72ABC5DAA3C0}.Release|Any CPU.Build.0 = Release|x64
		{6BB4D3BF-4519-44C6-8E90-72ABC5DAA3C0}.Release|x64.ActiveCfg = Release|x64
		{6BB4D3BF-4519-44C6-8E90-72ABC5DAA3C0}.Release|x64.Build.0 = Release|x64
		{6BB4D3BF-4519-44C6-8E90-72ABC5DAA3C0}.Release|x86.ActiveCfg = Release|x64
		{09AFF508-FCC3-4449-85D5-C57C5DCAD06C}.Debug|Any CPU.ActiveCfg = Release|Any CPU
		{09AFF508-FCC3-4449-85D5-C57C5DCAD06C}.Debug|Any CPU.Build.0 = Release|Any CPU
		{09AFF508-FCC3-4449-85D5-C57C5DCAD06C}.Debug|x64.ActiveCfg = Debug|Any CPU
		{09AFF508-FCC3-4449-85D5-C57C5DCAD06C}.Debug|x64.Build.0 = Debug|Any CPU
		{09AFF508-FCC3-4449-85D5-C57C5DCAD06C}.Debug|x86.ActiveCfg = Debug|Any CPU
		{09AFF508-FCC3-4449-85D5-C57C5DCAD06C}.Debug|x86.Build.0 = Debug|Any CPU
		{09AFF508-FCC3-4449-85D5-C57C5DCAD06C}.Release|Any CPU.ActiveCfg = Release|Any CPU
		{09AFF508-FCC3-4449-85D5-C57C5DCAD06C}.Release|Any CPU.Build.0 = Release|Any CPU
		{09AFF508-FCC3-4449-85D5-C57C5DCAD06C}.Release|x64.ActiveCfg = Release|Any CPU
		{09AFF508-FCC3-4449-85D5-C57C5DCAD06C}.Release|x64.Build.0 = Release|Any CPU
		{09AFF508-FCC3-4449-85D5-C57C5DCAD06C}.Release|x86.ActiveCfg = Release|Any CPU
		{09AFF508-FCC3-4449-85D5-C57C5DCAD06C}.Release|x86.Build.0 = Release|Any CPU
		{88DDFE5F-98B2-42BB-A8E7-1FDA5C9ED498}.Debug|Any CPU.ActiveCfg = Debug|Any CPU
		{88DDFE5F-98B2-42BB-A8E7-1FDA5C9ED498}.Debug|Any CPU.Build.0 = Debug|Any CPU
		{88DDFE5F-98B2-42BB-A8E7-1FDA5C9ED498}.Debug|x64.ActiveCfg = Debug|Any CPU
		{88DDFE5F-98B2-42BB-A8E7-1FDA5C9ED498}.Debug|x64.Build.0 = Debug|Any CPU
		{88DDFE5F-98B2-42BB-A8E7-1FDA5C9ED498}.Debug|x86.ActiveCfg = Debug|Any CPU
		{88DDFE5F-98B2-42BB-A8E7-1FDA5C9ED498}.Debug|x86.Build.0 = Debug|Any CPU
		{88DDFE5F-98B2-42BB-A8E7-1FDA5C9ED498}.Release|Any CPU.ActiveCfg = Release|Any CPU
		{88DDFE5F-98B2-42BB-A8E7-1FDA5C9ED498}.Release|Any CPU.Build.0 = Release|Any CPU
		{88DDFE5F-98B2-42BB-A8E7-1FDA5C9ED498}.Release|x64.ActiveCfg = Release|x64
		{88DDFE5F-98B2-42BB-A8E7-1FDA5C9ED498}.Release|x64.Build.0 = Release|x64
		{88DDFE5F-98B2-42BB-A8E7-1FDA5C9ED498}.Release|x86.ActiveCfg = Release|Any CPU
		{88DDFE5F-98B2-42BB-A8E7-1FDA5C9ED498}.Release|x86.Build.0 = Release|Any CPU
		{1D3CE598-BAE7-4A00-BDC8-C87E72BAF3E6}.Debug|Any CPU.ActiveCfg = Debug|Any CPU
		{1D3CE598-BAE7-4A00-BDC8-C87E72BAF3E6}.Debug|Any CPU.Build.0 = Debug|Any CPU
		{1D3CE598-BAE7-4A00-BDC8-C87E72BAF3E6}.Debug|x64.ActiveCfg = Debug|Any CPU
		{1D3CE598-BAE7-4A00-BDC8-C87E72BAF3E6}.Debug|x64.Build.0 = Debug|Any CPU
		{1D3CE598-BAE7-4A00-BDC8-C87E72BAF3E6}.Debug|x86.ActiveCfg = Debug|Any CPU
		{1D3CE598-BAE7-4A00-BDC8-C87E72BAF3E6}.Debug|x86.Build.0 = Debug|Any CPU
		{1D3CE598-BAE7-4A00-BDC8-C87E72BAF3E6}.Release|Any CPU.ActiveCfg = Release|x64
		{1D3CE598-BAE7-4A00-BDC8-C87E72BAF3E6}.Release|Any CPU.Build.0 = Release|x64
		{1D3CE598-BAE7-4A00-BDC8-C87E72BAF3E6}.Release|x64.ActiveCfg = Release|Any CPU
		{1D3CE598-BAE7-4A00-BDC8-C87E72BAF3E6}.Release|x64.Build.0 = Release|Any CPU
		{1D3CE598-BAE7-4A00-BDC8-C87E72BAF3E6}.Release|x86.ActiveCfg = Release|Any CPU
		{1D3CE598-BAE7-4A00-BDC8-C87E72BAF3E6}.Release|x86.Build.0 = Release|Any CPU
	EndGlobalSection
	GlobalSection(SolutionProperties) = preSolution
		HideSolutionNode = FALSE
	EndGlobalSection
	GlobalSection(ExtensibilityGlobals) = postSolution
		SolutionGuid = {D3872A0A-45DE-4D31-8C46-4FB9DA2BF183}
	EndGlobalSection
EndGlobal
